
Microsoft Visual Studio Solution File, Format Version 12.00
# Visual Studio Version 17
VisualStudioVersion = 17.4.33403.182
MinimumVisualStudioVersion = 10.0.40219.1
Project("{9A19103F-16F7-4668-BE54-9A1E7A4F7556}") = "Simulacrum", "src\simulacrum-dalamud-plugin\Simulacrum.csproj", "{7C2AE2C0-6D2E-44CD-BBEE-6B41B9E701DA}"
EndProject
Project("{8BC9CEB8-8B4A-11D0-8D11-00A0C91BC942}") = "Simulacrum.AV", "src\simulacrum-dalamud-av\Simulacrum.AV.vcxproj", "{77F8C449-DB5D-4789-A7A4-1EF56494C83F}"
EndProject
Project("{9A19103F-16F7-4668-BE54-9A1E7A4F7556}") = "_build", "build\_build.csproj", "{5A4B2A89-8E57-4544-A68B-83DEE758AB85}"
EndProject
Global
	GlobalSection(SolutionConfigurationPlatforms) = preSolution
		Debug|Any CPU = Debug|Any CPU
		Debug|x64 = Debug|x64
		Debug|x86 = Debug|x86
		Release|Any CPU = Release|Any CPU
		Release|x64 = Release|x64
		Release|x86 = Release|x86
	EndGlobalSection
	GlobalSection(ProjectConfigurationPlatforms) = postSolution
		{5A4B2A89-8E57-4544-A68B-83DEE758AB85}.Debug|Any CPU.ActiveCfg = Debug|Any CPU
		{5A4B2A89-8E57-4544-A68B-83DEE758AB85}.Release|Any CPU.ActiveCfg = Release|Any CPU
		{5A4B2A89-8E57-4544-A68B-83DEE758AB85}.Debug|x64.ActiveCfg = Debug|Any CPU
		{7C2AE2C0-6D2E-44CD-BBEE-6B41B9E701DA}.Debug|Any CPU.ActiveCfg = Debug|Any CPU
		{7C2AE2C0-6D2E-44CD-BBEE-6B41B9E701DA}.Debug|Any CPU.Build.0 = Debug|Any CPU
		{7C2AE2C0-6D2E-44CD-BBEE-6B41B9E701DA}.Debug|x64.ActiveCfg = Debug|Any CPU
		{7C2AE2C0-6D2E-44CD-BBEE-6B41B9E701DA}.Debug|x64.Build.0 = Debug|Any CPU
		{7C2AE2C0-6D2E-44CD-BBEE-6B41B9E701DA}.Debug|x86.ActiveCfg = Debug|Any CPU
		{7C2AE2C0-6D2E-44CD-BBEE-6B41B9E701DA}.Debug|x86.Build.0 = Debug|Any CPU
		{7C2AE2C0-6D2E-44CD-BBEE-6B41B9E701DA}.Release|Any CPU.ActiveCfg = Release|Any CPU
		{7C2AE2C0-6D2E-44CD-BBEE-6B41B9E701DA}.Release|Any CPU.Build.0 = Release|Any CPU
		{7C2AE2C0-6D2E-44CD-BBEE-6B41B9E701DA}.Release|x64.ActiveCfg = Release|Any CPU
		{7C2AE2C0-6D2E-44CD-BBEE-6B41B9E701DA}.Release|x64.Build.0 = Release|Any CPU
		{7C2AE2C0-6D2E-44CD-BBEE-6B41B9E701DA}.Release|x86.ActiveCfg = Release|Any CPU
		{7C2AE2C0-6D2E-44CD-BBEE-6B41B9E701DA}.Release|x86.Build.0 = Release|Any CPU
		{77F8C449-DB5D-4789-A7A4-1EF56494C83F}.Debug|Any CPU.ActiveCfg = Debug|x64
		{77F8C449-DB5D-4789-A7A4-1EF56494C83F}.Debug|Any CPU.Build.0 = Debug|x64
		{77F8C449-DB5D-4789-A7A4-1EF56494C83F}.Debug|x64.ActiveCfg = Debug|x64
		{77F8C449-DB5D-4789-A7A4-1EF56494C83F}.Debug|x64.Build.0 = Debug|x64
		{77F8C449-DB5D-4789-A7A4-1EF56494C83F}.Debug|x86.ActiveCfg = Debug|Win32
		{77F8C449-DB5D-4789-A7A4-1EF56494C83F}.Debug|x86.Build.0 = Debug|Win32
		{77F8C449-DB5D-4789-A7A4-1EF56494C83F}.Release|Any CPU.ActiveCfg = Release|x64
		{77F8C449-DB5D-4789-A7A4-1EF56494C83F}.Release|Any CPU.Build.0 = Release|x64
		{77F8C449-DB5D-4789-A7A4-1EF56494C83F}.Release|x64.ActiveCfg = Release|x64
		{77F8C449-DB5D-4789-A7A4-1EF56494C83F}.Release|x64.Build.0 = Release|x64
		{77F8C449-DB5D-4789-A7A4-1EF56494C83F}.Release|x86.ActiveCfg = Release|Win32
		{77F8C449-DB5D-4789-A7A4-1EF56494C83F}.Release|x86.Build.0 = Release|Win32
	EndGlobalSection
	GlobalSection(SolutionProperties) = preSolution
		HideSolutionNode = FALSE
	EndGlobalSection
	GlobalSection(ExtensibilityGlobals) = postSolution
		SolutionGuid = {694D443C-996A-4D20-A939-27313C975ABC}
	EndGlobalSection
EndGlobal
