{
  "version": 1,
  "dependencies": {
    "net8.0": {
      "R3": {
        "type": "Direct",
        "requested": "[1.0.1, )",
        "resolved": "1.0.1",
        "contentHash": "QESbZntZBK5q5d287mK88pcsRaJp6TZpmihT+x6TAfBqbwtwYl2yos9/IbdGH28HjnSxs3GaQI+Vc6UOWq1uag=="
      },
      "Thinktecture.Runtime.Extensions": {
        "type": "Direct",
        "requested": "[6.4.0, )",
        "resolved": "6.4.0",
        "contentHash": "lZ5DdOQt+NAEFbhBqPSQmPd+Vq//+HFZ8Eig9LC8Tb8gqXYhvLZfZAtZ12lpSKAuYgvxYd3z526dHT/w5pZrXw==",
        "dependencies": {
          "Thinktecture.Runtime.Extensions.SourceGenerator": "6.4.0"
        }
      },
      "Thinktecture.Runtime.Extensions.Json": {
        "type": "Direct",
        "requested": "[6.4.0, )",
        "resolved": "6.4.0",
        "contentHash": "AqqNe/4qoFe4X0SxrE+ipobhLFPDjrxbfbWEYjHip7mfz7kIFWuqqDFNuVg8qcxRISo4C88T28N/g3A/hfHRHg==",
        "dependencies": {
          "System.Text.Json": "7.0.3",
          "Thinktecture.Runtime.Extensions": "6.4.0"
        }
      },
      "System.Text.Encodings.Web": {
        "type": "Transitive",
        "resolved": "7.0.0",
        "contentHash": "OP6umVGxc0Z0MvZQBVigj4/U31Pw72ITihDWP9WiWDm+q5aoe0GaJivsfYGq53o6dxH7DcXWiCTl7+0o2CGdmg=="
      },
      "System.Text.Json": {
        "type": "Transitive",
        "resolved": "7.0.3",
        "contentHash": "AyjhwXN1zTFeIibHimfJn6eAsZ7rTBib79JQpzg8WAuR/HKDu9JGNHTuu3nbbXQ/bgI+U4z6HtZmCHNXB1QXrQ==",
        "dependencies": {
          "System.Text.Encodings.Web": "7.0.0"
        }
      },
      "Thinktecture.Runtime.Extensions.SourceGenerator": {
        "type": "Transitive",
        "resolved": "6.4.0",
        "contentHash": "9pXWSaYKJ9xR8ilJq0ylFSRRSrT2vwg9W9uxPnStLuQCGJCtt+VByaUURMbhiLbwgPfSCOMORernV8yvwQ43zw=="
      }
    }
  }
}