{
  "version": 1,
  "dependencies": {
    "net7.0-windows7.0": {
      "DalamudPackager": {
        "type": "Direct",
        "requested": "[2.1.12, )",
        "resolved": "2.1.12",
        "contentHash": "Sc0PVxvgg4NQjcI8n10/VfUQBAS4O+Fw2pZrAqBdRMbthYGeogzu5+xmIGCGmsEZ/ukMOBuAqiNiB5qA3MRalg=="
      },
      "NAudio": {
        "type": "Direct",
        "requested": "[2.2.1, )",
        "resolved": "2.2.1",
        "contentHash": "c0DzwiyyklM0TP39Y7RObwO3QkWecgM6H60ikiEnsV/aEAJPbj5MFCLaD8BSfKuZe0HGuh9GRGWWlJmSxDc9MA==",
        "dependencies": {
          "NAudio.Asio": "2.2.1",
          "NAudio.Core": "2.2.1",
          "NAudio.Midi": "2.2.1",
          "NAudio.Wasapi": "2.2.1",
          "NAudio.WinForms": "2.2.1",
          "NAudio.WinMM": "2.2.1"
        }
      },
      "prometheus-net": {
        "type": "Direct",
        "requested": "[8.0.1, )",
        "resolved": "8.0.1",
        "contentHash": "A9sOtQB2gEhujBxPKw+KcGScBiPvBmy4lYVM5OlETMj4xjVD5r/ixIg52HHg2P0lcImJTpfeWnD0/9tpQsRQTA==",
        "dependencies": {
          "Microsoft.Extensions.Http": "3.1.0",
          "Microsoft.Extensions.ObjectPool": "7.0.0"
        }
      },
      "Silk.NET.Direct3D11": {
        "type": "Direct",
        "requested": "[2.18.0, )",
        "resolved": "2.18.0",
        "contentHash": "G8spbBdjMDVvVcpO+TuGJDmPz/nnDRG9Rh6MAu5zmFcYD8waMRWncX7b9/6K+h5WDz/lyv7pw0++thyGNZtW3A==",
        "dependencies": {
          "Silk.NET.Core": "2.18.0",
          "Silk.NET.DXGI": "2.18.0"
        }
      },
      "System.Reactive": {
        "type": "Direct",
        "requested": "[6.0.0, )",
        "resolved": "6.0.0",
        "contentHash": "31kfaW4ZupZzPsI5PVe77VhnvFF55qgma7KZr/E0iFTs6fmdhhG8j0mgEx620iLTey1EynOkEfnyTjtNEpJzGw=="
      },
      "Thinktecture.Runtime.Extensions": {
        "type": "Direct",
        "requested": "[6.4.0, )",
        "resolved": "6.4.0",
        "contentHash": "lZ5DdOQt+NAEFbhBqPSQmPd+Vq//+HFZ8Eig9LC8Tb8gqXYhvLZfZAtZ12lpSKAuYgvxYd3z526dHT/w5pZrXw==",
        "dependencies": {
          "Thinktecture.Runtime.Extensions.SourceGenerator": "6.4.0"
        }
      },
      "Microsoft.CSharp": {
        "type": "Transitive",
        "resolved": "4.7.0",
        "contentHash": "pTj+D3uJWyN3My70i2Hqo+OXixq3Os2D1nJ2x92FFo6sk8fYS1m1WLNTs0Dc1uPaViH0YvEEwvzddQ7y4rhXmA=="
      },
      "Microsoft.DotNet.PlatformAbstractions": {
        "type": "Transitive",
        "resolved": "3.1.6",
        "contentHash": "jek4XYaQ/PGUwDKKhwR8K47Uh1189PFzMeLqO83mXrXQVIpARZCcfuDedH50YDTepBkfijCZN5U/vZi++erxtg=="
      },
      "Microsoft.Extensions.Configuration": {
        "type": "Transitive",
        "resolved": "3.1.0",
        "contentHash": "Lu41BWNmwhKr6LgyQvcYBOge0pPvmiaK8R5UHXX4//wBhonJyWcT2OK1mqYfEM5G7pTf31fPrpIHOT6sN7EGOA==",
        "dependencies": {
          "Microsoft.Extensions.Configuration.Abstractions": "3.1.0"
        }
      },
      "Microsoft.Extensions.Configuration.Abstractions": {
        "type": "Transitive",
        "resolved": "3.1.0",
        "contentHash": "ESz6bVoDQX7sgWdKHF6G9Pq672T8k+19AFb/txDXwdz7MoqaNQj2/in3agm/3qae9V+WvQZH86LLTNVo0it8vQ==",
        "dependencies": {
          "Microsoft.Extensions.Primitives": "3.1.0"
        }
      },
      "Microsoft.Extensions.Configuration.Binder": {
        "type": "Transitive",
        "resolved": "3.1.0",
        "contentHash": "o9eELDBfNkR7sUtYysFZ1Q7BQ1mYt27DMkups/3vu7xgPyOpMD+iAfrBZFzUXT2iw0fmFb8s1gfNBZS+IgjKdQ==",
        "dependencies": {
          "Microsoft.Extensions.Configuration": "3.1.0"
        }
      },
      "Microsoft.Extensions.DependencyInjection": {
        "type": "Transitive",
        "resolved": "3.1.0",
        "contentHash": "KVkv3aF2MQpmGFRh4xRx2CNbc2sjDFk+lH4ySrjWSOS+XoY1Xc+sJphw3N0iYOpoeCCq8976ceVYDH8sdx2qIQ==",
        "dependencies": {
          "Microsoft.Extensions.DependencyInjection.Abstractions": "3.1.0"
        }
      },
      "Microsoft.Extensions.DependencyInjection.Abstractions": {
        "type": "Transitive",
        "resolved": "3.1.0",
        "contentHash": "44rDtOf1JXXAFpNT2EXMExaDm/4OJ2RXOL9i9lE4bK427nzC7Exphv+beB6IgluyE2GIoo8zezTStMXI7MQ8WA=="
      },
      "Microsoft.Extensions.DependencyModel": {
        "type": "Transitive",
        "resolved": "7.0.0",
        "contentHash": "oONNYd71J3LzkWc4fUHl3SvMfiQMYUCo/mDHDEu76hYYxdhdrPYv6fvGv9nnKVyhE9P0h20AU8RZB5OOWQcAXg==",
        "dependencies": {
          "System.Text.Encodings.Web": "7.0.0",
          "System.Text.Json": "7.0.0"
        }
      },
      "Microsoft.Extensions.Http": {
        "type": "Transitive",
        "resolved": "3.1.0",
        "contentHash": "DLigdcV0nYaT6/ly0rnfP80BnXq8NNd/h8/SkfY39uio7Bd9LauVntp6RcRh1Kj23N+uf80GgL7Win6P3BCtoQ==",
        "dependencies": {
          "Microsoft.Extensions.DependencyInjection.Abstractions": "3.1.0",
          "Microsoft.Extensions.Logging": "3.1.0",
          "Microsoft.Extensions.Options": "3.1.0"
        }
      },
      "Microsoft.Extensions.Logging": {
        "type": "Transitive",
        "resolved": "3.1.0",
        "contentHash": "P+8sKQ8L4ooL79sxxqwFPxGGC3aBrUDLB/dZqhs4J0XjTyrkeeyJQ4D4nzJB6OnAhy78HIIgQ/RbD6upOXLynw==",
        "dependencies": {
          "Microsoft.Extensions.Configuration.Binder": "3.1.0",
          "Microsoft.Extensions.DependencyInjection": "3.1.0",
          "Microsoft.Extensions.Logging.Abstractions": "3.1.0",
          "Microsoft.Extensions.Options": "3.1.0"
        }
      },
      "Microsoft.Extensions.Logging.Abstractions": {
        "type": "Transitive",
        "resolved": "3.1.0",
        "contentHash": "jjo4YXRx6MIpv6DiRxJjSpl+sPP0+5VW0clMEdLyIAz44PPwrDTFrd5PZckIxIXl1kKZ2KK6IL2nkt0+ug2MQg=="
      },
      "Microsoft.Extensions.ObjectPool": {
        "type": "Transitive",
        "resolved": "7.0.0",
        "contentHash": "udvKco0sAVgYGTBnHUb0tY9JQzJ/nPDiv/8PIyz69wl1AibeCDZOLVVI+6156dPfHmJH7ws5oUJRiW4ZmAvuuA=="
      },
      "Microsoft.Extensions.Options": {
        "type": "Transitive",
        "resolved": "3.1.0",
        "contentHash": "9b6JHY7TAXrSfZ6EEGf+j8XnqKIiMPErfmaNXhJYSCb+BUW2H4RtzkNJvwLJzwgzqBP0wtTjyA6Uw4BPPdmkMw==",
        "dependencies": {
          "Microsoft.Extensions.DependencyInjection.Abstractions": "3.1.0",
          "Microsoft.Extensions.Primitives": "3.1.0"
        }
      },
      "Microsoft.Extensions.Primitives": {
        "type": "Transitive",
        "resolved": "3.1.0",
        "contentHash": "LEKAnX7lhUhSoIc2XraCTK3M4IU/LdVUzCe464Sa4+7F4ZJuXHHRzZli2mDbiT4xzAZhgqXbvfnb5+CNDcQFfg=="
      },
      "Microsoft.NETCore.Platforms": {
        "type": "Transitive",
        "resolved": "3.1.0",
        "contentHash": "z7aeg8oHln2CuNulfhiLYxCVMPEwBl3rzicjvIX+4sUuCwvXw5oXQEtbiU2c0z4qYL5L3Kmx0mMA/+t/SbY67w=="
      },
      "Microsoft.Win32.Registry": {
        "type": "Transitive",
        "resolved": "4.7.0",
        "contentHash": "KSrRMb5vNi0CWSGG1++id2ZOs/1QhRqROt+qgbEAdQuGjGrFcl4AOl4/exGPUYz2wUnU42nvJqon1T3U0kPXLA==",
        "dependencies": {
          "System.Security.AccessControl": "4.7.0",
          "System.Security.Principal.Windows": "4.7.0"
        }
      },
      "NAudio.Asio": {
        "type": "Transitive",
        "resolved": "2.2.1",
        "contentHash": "hQglyOT5iT3XuGpBP8ZG0+aoqwRfidHjTNehpoWwX0g6KJEgtH2VaqM2nuJ2mheKZa/IBqB4YQTZVvrIapzfOA==",
        "dependencies": {
          "Microsoft.Win32.Registry": "4.7.0",
          "NAudio.Core": "2.2.1"
        }
      },
      "NAudio.Core": {
        "type": "Transitive",
        "resolved": "2.2.1",
        "contentHash": "GgkdP6K/7FqXFo7uHvoqGZTJvW4z8g2IffhOO4JHaLzKCdDOUEzVKtveoZkCuUX8eV2HAINqi7VFqlFndrnz/g=="
      },
      "NAudio.Midi": {
        "type": "Transitive",
        "resolved": "2.2.1",
        "contentHash": "6r23ylGo5aeP02WFXsPquz0T0hFJWyh+7t++tz19tc3Kr38NHm+Z9j+FiAv+xkH8tZqXJqus9Q8p6u7bidIgbw==",
        "dependencies": {
          "NAudio.Core": "2.2.1"
        }
      },
      "NAudio.Wasapi": {
        "type": "Transitive",
        "resolved": "2.2.1",
        "contentHash": "lFfXoqacZZe0WqNChJgGYI+XV/n/61LzPHT3C1CJp4khoxeo2sziyX5wzNYWeCMNbsWxFvT3b3iXeY1UYjBhZw==",
        "dependencies": {
          "NAudio.Core": "2.2.1"
        }
      },
      "NAudio.WinForms": {
        "type": "Transitive",
        "resolved": "2.2.1",
        "contentHash": "DlDkewY1myY0A+3NrYRJD+MZhZV0yy1mNF6dckB27IQ9XCs/My5Ip8BZcoSHOsaPSe2GAjvoaDnk6N9w8xTv7w==",
        "dependencies": {
          "NAudio.WinMM": "2.2.1"
        }
      },
      "NAudio.WinMM": {
        "type": "Transitive",
        "resolved": "2.2.1",
        "contentHash": "xFHRFwH4x6aq3IxRbewvO33ugJRvZFEOfO62i7uQJRUNW2cnu6BeBTHUS0JD5KBucZbHZaYqxQG8dwZ47ezQuQ==",
        "dependencies": {
          "Microsoft.Win32.Registry": "4.7.0",
          "NAudio.Core": "2.2.1"
        }
      },
      "Silk.NET.Core": {
        "type": "Transitive",
        "resolved": "2.18.0",
        "contentHash": "KUxkzbn2jFUFQf/rXOBJ3JDmPKNioqrXMQS3c0NtzV7V/po74HYa08BMsSImRYl/5yPtwo1ArPM9IIdKupYo+A==",
        "dependencies": {
          "Microsoft.CSharp": "4.7.0",
          "Microsoft.DotNet.PlatformAbstractions": "3.1.6",
          "Microsoft.Extensions.DependencyModel": "7.0.0",
          "System.Memory": "4.5.5",
          "System.Numerics.Vectors": "4.5.0",
          "System.Runtime.CompilerServices.Unsafe": "6.0.0"
        }
      },
      "Silk.NET.DXGI": {
        "type": "Transitive",
        "resolved": "2.18.0",
        "contentHash": "lTAMvXpwP1EYytQDGm4tSxn+jKLtgjBzFWEHSvZuZe15wHpySV1Rid9Nmd5D6knMn7d6DXf28JbU/+MLH8Juog==",
        "dependencies": {
          "Silk.NET.Core": "2.18.0",
          "Silk.NET.Maths": "2.18.0"
        }
      },
      "Silk.NET.Maths": {
        "type": "Transitive",
        "resolved": "2.18.0",
        "contentHash": "bMu0sh58HYZfixi7ruqTNF4Al1n9WbeZlBfdzmMsUaEH3pdgxFVVr2uvfD5QGula6VaX/nGqX0giKXjRqStdGA=="
      },
      "System.Memory": {
        "type": "Transitive",
        "resolved": "4.5.5",
        "contentHash": "XIWiDvKPXaTveaB7HVganDlOCRoj03l+jrwNvcge/t8vhGYKvqV+dMv6G4SAX2NoNmN0wZfVPTAlFwZcZvVOUw=="
      },
      "System.Numerics.Vectors": {
        "type": "Transitive",
        "resolved": "4.5.0",
        "contentHash": "QQTlPTl06J/iiDbJCiepZ4H//BVraReU4O4EoRw1U02H5TLUIT7xn3GnDp9AXPSlJUDyFs4uWjWafNX6WrAojQ=="
      },
      "System.Runtime.CompilerServices.Unsafe": {
        "type": "Transitive",
        "resolved": "6.0.0",
        "contentHash": "/iUeP3tq1S0XdNNoMz5C9twLSrM/TH+qElHkXWaPvuNOt+99G75NrV0OS2EqHx5wMN7popYjpc8oTjC1y16DLg=="
      },
      "System.Security.AccessControl": {
        "type": "Transitive",
        "resolved": "4.7.0",
        "contentHash": "JECvTt5aFF3WT3gHpfofL2MNNP6v84sxtXxpqhLBCcDRzqsPBmHhQ6shv4DwwN2tRlzsUxtb3G9M3763rbXKDg==",
        "dependencies": {
          "Microsoft.NETCore.Platforms": "3.1.0",
          "System.Security.Principal.Windows": "4.7.0"
        }
      },
      "System.Security.Principal.Windows": {
        "type": "Transitive",
        "resolved": "4.7.0",
        "contentHash": "ojD0PX0XhneCsUbAZVKdb7h/70vyYMDYs85lwEI+LngEONe/17A0cFaRFqZU+sOEidcVswYWikYOQ9PPfjlbtQ=="
      },
      "System.Text.Encodings.Web": {
        "type": "Transitive",
        "resolved": "7.0.0",
        "contentHash": "OP6umVGxc0Z0MvZQBVigj4/U31Pw72ITihDWP9WiWDm+q5aoe0GaJivsfYGq53o6dxH7DcXWiCTl7+0o2CGdmg=="
      },
      "System.Text.Json": {
        "type": "Transitive",
        "resolved": "7.0.3",
        "contentHash": "AyjhwXN1zTFeIibHimfJn6eAsZ7rTBib79JQpzg8WAuR/HKDu9JGNHTuu3nbbXQ/bgI+U4z6HtZmCHNXB1QXrQ==",
        "dependencies": {
          "System.Text.Encodings.Web": "7.0.0"
        }
      },
      "Thinktecture.Runtime.Extensions.Json": {
        "type": "Transitive",
        "resolved": "6.4.0",
        "contentHash": "AqqNe/4qoFe4X0SxrE+ipobhLFPDjrxbfbWEYjHip7mfz7kIFWuqqDFNuVg8qcxRISo4C88T28N/g3A/hfHRHg==",
        "dependencies": {
          "System.Text.Json": "7.0.3",
          "Thinktecture.Runtime.Extensions": "6.4.0"
        }
      },
      "Thinktecture.Runtime.Extensions.SourceGenerator": {
        "type": "Transitive",
        "resolved": "6.4.0",
        "contentHash": "9pXWSaYKJ9xR8ilJq0ylFSRRSrT2vwg9W9uxPnStLuQCGJCtt+VByaUURMbhiLbwgPfSCOMORernV8yvwQ43zw=="
      },
      "simulacrum.av": {
        "type": "Project"
      },
      "simulacrum.hostctl": {
        "type": "Project",
        "dependencies": {
          "System.Reactive": "[6.0.0, )",
          "Thinktecture.Runtime.Extensions": "[6.4.0, )",
          "Thinktecture.Runtime.Extensions.Json": "[6.4.0, )"
        }
      }
    }
  }
}